
Microsoft Visual Studio Solution File, Format Version 12.00
# Visual Studio 15
VisualStudioVersion = 15.0.27703.2047
MinimumVisualStudioVersion = 10.0.40219.1
Project("{FAE04EC0-301F-11D3-BF4B-00C04F79EFBC}") = "Ejercicio 26", "Ejercicio 26\Ejercicio 26.csproj", "{6EDC048B-B6EB-4E0B-A26B-84C5084505A0}"
EndProject
Project("{FAE04EC0-301F-11D3-BF4B-00C04F79EFBC}") = "Ejercicio 27", "Ejercicio 27\Ejercicio 27.csproj", "{3479BDFA-0065-45BA-BE17-46194AB9968D}"
EndProject
Project("{FAE04EC0-301F-11D3-BF4B-00C04F79EFBC}") = "Ejercicio 29", "Ejercicio 29\Ejercicio 29.csproj", "{4146AA39-AD18-4900-AD34-C5A7217CCB2E}"
EndProject
Global
	GlobalSection(SolutionConfigurationPlatforms) = preSolution
		Debug|Any CPU = Debug|Any CPU
		Release|Any CPU = Release|Any CPU
	EndGlobalSection
	GlobalSection(ProjectConfigurationPlatforms) = postSolution
		{6EDC048B-B6EB-4E0B-A26B-84C5084505A0}.Debug|Any CPU.ActiveCfg = Debug|Any CPU
		{6EDC048B-B6EB-4E0B-A26B-84C5084505A0}.Debug|Any CPU.Build.0 = Debug|Any CPU
		{6EDC048B-B6EB-4E0B-A26B-84C5084505A0}.Release|Any CPU.ActiveCfg = Release|Any CPU
		{6EDC048B-B6EB-4E0B-A26B-84C5084505A0}.Release|Any CPU.Build.0 = Release|Any CPU
		{3479BDFA-0065-45BA-BE17-46194AB9968D}.Debug|Any CPU.ActiveCfg = Debug|Any CPU
		{3479BDFA-0065-45BA-BE17-46194AB9968D}.Debug|Any CPU.Build.0 = Debug|Any CPU
		{3479BDFA-0065-45BA-BE17-46194AB9968D}.Release|Any CPU.ActiveCfg = Release|Any CPU
		{3479BDFA-0065-45BA-BE17-46194AB9968D}.Release|Any CPU.Build.0 = Release|Any CPU
		{4146AA39-AD18-4900-AD34-C5A7217CCB2E}.Debug|Any CPU.ActiveCfg = Debug|Any CPU
		{4146AA39-AD18-4900-AD34-C5A7217CCB2E}.Debug|Any CPU.Build.0 = Debug|Any CPU
		{4146AA39-AD18-4900-AD34-C5A7217CCB2E}.Release|Any CPU.ActiveCfg = Release|Any CPU
		{4146AA39-AD18-4900-AD34-C5A7217CCB2E}.Release|Any CPU.Build.0 = Release|Any CPU
	EndGlobalSection
	GlobalSection(SolutionProperties) = preSolution
		HideSolutionNode = FALSE
	EndGlobalSection
	GlobalSection(ExtensibilityGlobals) = postSolution
		SolutionGuid = {4E3B7EAE-A51D-4484-9B59-10A33E0435F3}
	EndGlobalSection
EndGlobal
