
Microsoft Visual Studio Solution File, Format Version 12.00
# Visual Studio 15
VisualStudioVersion = 15.0.27703.2047
MinimumVisualStudioVersion = 10.0.40219.1
Project("{FAE04EC0-301F-11D3-BF4B-00C04F79EFBC}") = "Ejercicio 15", "Ejercicio 15\Ejercicio 15.csproj", "{FC00F1B4-C5E3-4158-A59A-A0E47D23AFED}"
EndProject
Project("{FAE04EC0-301F-11D3-BF4B-00C04F79EFBC}") = "Ejercicio 16", "Ejercicio 16\Ejercicio 16.csproj", "{F12E0D32-E2F3-44DC-A35B-FF1DB8E99AED}"
EndProject
Project("{FAE04EC0-301F-11D3-BF4B-00C04F79EFBC}") = "Ejercicio 17", "Ejercicio 17\Ejercicio 17.csproj", "{48B80C89-884D-41E4-BCEF-89CF7915CAE2}"
EndProject
Project("{FAE04EC0-301F-11D3-BF4B-00C04F79EFBC}") = "Ejercicio 18", "Ejercicio 18\Ejercicio 18.csproj", "{FC1D3A3C-C318-4C89-9450-7035AF6DEAF5}"
EndProject
Global
	GlobalSection(SolutionConfigurationPlatforms) = preSolution
		Debug|Any CPU = Debug|Any CPU
		Release|Any CPU = Release|Any CPU
	EndGlobalSection
	GlobalSection(ProjectConfigurationPlatforms) = postSolution
		{FC00F1B4-C5E3-4158-A59A-A0E47D23AFED}.Debug|Any CPU.ActiveCfg = Debug|Any CPU
		{FC00F1B4-C5E3-4158-A59A-A0E47D23AFED}.Debug|Any CPU.Build.0 = Debug|Any CPU
		{FC00F1B4-C5E3-4158-A59A-A0E47D23AFED}.Release|Any CPU.ActiveCfg = Release|Any CPU
		{FC00F1B4-C5E3-4158-A59A-A0E47D23AFED}.Release|Any CPU.Build.0 = Release|Any CPU
		{F12E0D32-E2F3-44DC-A35B-FF1DB8E99AED}.Debug|Any CPU.ActiveCfg = Debug|Any CPU
		{F12E0D32-E2F3-44DC-A35B-FF1DB8E99AED}.Debug|Any CPU.Build.0 = Debug|Any CPU
		{F12E0D32-E2F3-44DC-A35B-FF1DB8E99AED}.Release|Any CPU.ActiveCfg = Release|Any CPU
		{F12E0D32-E2F3-44DC-A35B-FF1DB8E99AED}.Release|Any CPU.Build.0 = Release|Any CPU
		{48B80C89-884D-41E4-BCEF-89CF7915CAE2}.Debug|Any CPU.ActiveCfg = Debug|Any CPU
		{48B80C89-884D-41E4-BCEF-89CF7915CAE2}.Debug|Any CPU.Build.0 = Debug|Any CPU
		{48B80C89-884D-41E4-BCEF-89CF7915CAE2}.Release|Any CPU.ActiveCfg = Release|Any CPU
		{48B80C89-884D-41E4-BCEF-89CF7915CAE2}.Release|Any CPU.Build.0 = Release|Any CPU
		{FC1D3A3C-C318-4C89-9450-7035AF6DEAF5}.Debug|Any CPU.ActiveCfg = Debug|Any CPU
		{FC1D3A3C-C318-4C89-9450-7035AF6DEAF5}.Debug|Any CPU.Build.0 = Debug|Any CPU
		{FC1D3A3C-C318-4C89-9450-7035AF6DEAF5}.Release|Any CPU.ActiveCfg = Release|Any CPU
		{FC1D3A3C-C318-4C89-9450-7035AF6DEAF5}.Release|Any CPU.Build.0 = Release|Any CPU
	EndGlobalSection
	GlobalSection(SolutionProperties) = preSolution
		HideSolutionNode = FALSE
	EndGlobalSection
	GlobalSection(ExtensibilityGlobals) = postSolution
		SolutionGuid = {B741B48C-2F2A-4403-8E0D-CAA20F484F27}
	EndGlobalSection
EndGlobal
