
Microsoft Visual Studio Solution File, Format Version 12.00
# Visual Studio 15
VisualStudioVersion = 15.0.28010.2050
MinimumVisualStudioVersion = 10.0.40219.1
Project("{FAE04EC0-301F-11D3-BF4B-00C04F79EFBC}") = "MisClases", "MisClases\MisClases.csproj", "{78E0E590-2AA2-4048-AC80-BA9D1FA82829}"
EndProject
Project("{FAE04EC0-301F-11D3-BF4B-00C04F79EFBC}") = "Ejercicio 31", "ConsoleApp1\Ejercicio 31.csproj", "{BA50DE4B-8129-4550-9337-EC031C6A1745}"
EndProject
Global
	GlobalSection(SolutionConfigurationPlatforms) = preSolution
		Debug|Any CPU = Debug|Any CPU
		Release|Any CPU = Release|Any CPU
	EndGlobalSection
	GlobalSection(ProjectConfigurationPlatforms) = postSolution
		{78E0E590-2AA2-4048-AC80-BA9D1FA82829}.Debug|Any CPU.ActiveCfg = Debug|Any CPU
		{78E0E590-2AA2-4048-AC80-BA9D1FA82829}.Debug|Any CPU.Build.0 = Debug|Any CPU
		{78E0E590-2AA2-4048-AC80-BA9D1FA82829}.Release|Any CPU.ActiveCfg = Release|Any CPU
		{78E0E590-2AA2-4048-AC80-BA9D1FA82829}.Release|Any CPU.Build.0 = Release|Any CPU
		{BA50DE4B-8129-4550-9337-EC031C6A1745}.Debug|Any CPU.ActiveCfg = Debug|Any CPU
		{BA50DE4B-8129-4550-9337-EC031C6A1745}.Debug|Any CPU.Build.0 = Debug|Any CPU
		{BA50DE4B-8129-4550-9337-EC031C6A1745}.Release|Any CPU.ActiveCfg = Release|Any CPU
		{BA50DE4B-8129-4550-9337-EC031C6A1745}.Release|Any CPU.Build.0 = Release|Any CPU
	EndGlobalSection
	GlobalSection(SolutionProperties) = preSolution
		HideSolutionNode = FALSE
	EndGlobalSection
	GlobalSection(ExtensibilityGlobals) = postSolution
		SolutionGuid = {C3F58B2F-89D9-41B6-842D-7A664C71311A}
	EndGlobalSection
EndGlobal
