
Microsoft Visual Studio Solution File, Format Version 12.00
# Visual Studio 15
VisualStudioVersion = 15.0.27703.2047
MinimumVisualStudioVersion = 10.0.40219.1
Project("{FAE04EC0-301F-11D3-BF4B-00C04F79EFBC}") = "Repaso", "Repaso\Repaso.csproj", "{FF2540AE-F16C-4C37-B5E4-81EE2FE59B76}"
EndProject
Global
	GlobalSection(SolutionConfigurationPlatforms) = preSolution
		Debug|Any CPU = Debug|Any CPU
		Release|Any CPU = Release|Any CPU
	EndGlobalSection
	GlobalSection(ProjectConfigurationPlatforms) = postSolution
		{FF2540AE-F16C-4C37-B5E4-81EE2FE59B76}.Debug|Any CPU.ActiveCfg = Debug|Any CPU
		{FF2540AE-F16C-4C37-B5E4-81EE2FE59B76}.Debug|Any CPU.Build.0 = Debug|Any CPU
		{FF2540AE-F16C-4C37-B5E4-81EE2FE59B76}.Release|Any CPU.ActiveCfg = Release|Any CPU
		{FF2540AE-F16C-4C37-B5E4-81EE2FE59B76}.Release|Any CPU.Build.0 = Release|Any CPU
	EndGlobalSection
	GlobalSection(SolutionProperties) = preSolution
		HideSolutionNode = FALSE
	EndGlobalSection
	GlobalSection(ExtensibilityGlobals) = postSolution
		SolutionGuid = {8E879E19-F032-4C77-BDAE-B2AB0197CA7D}
	EndGlobalSection
EndGlobal
